
Microsoft Visual Studio Solution File, Format Version 12.00
# Visual Studio Version 17
VisualStudioVersion = 17.13.35931.197 d17.13
MinimumVisualStudioVersion = 10.0.40219.1
Project("{FAE04EC0-301F-11D3-BF4B-00C04F79EFBC}") = "AppointmentSystem", "AppointmentSystem\AppointmentSystem.csproj", "{21671CB9-D210-4FC3-ADE9-CAABDBF1C463}"
EndProject
Global
	GlobalSection(SolutionConfigurationPlatforms) = preSolution
		Debug|Any CPU = Debug|Any CPU
		Release|Any CPU = Release|Any CPU
	EndGlobalSection
	GlobalSection(ProjectConfigurationPlatforms) = postSolution
		{21671CB9-D210-4FC3-ADE9-CAABDBF1C463}.Debug|Any CPU.ActiveCfg = Debug|Any CPU
		{21671CB9-D210-4FC3-ADE9-CAABDBF1C463}.Debug|Any CPU.Build.0 = Debug|Any CPU
		{21671CB9-D210-4FC3-ADE9-CAABDBF1C463}.Release|Any CPU.ActiveCfg = Release|Any CPU
		{21671CB9-D210-4FC3-ADE9-CAABDBF1C463}.Release|Any CPU.Build.0 = Release|Any CPU
	EndGlobalSection
	GlobalSection(SolutionProperties) = preSolution
		HideSolutionNode = FALSE
	EndGlobalSection
	GlobalSection(ExtensibilityGlobals) = postSolution
		SolutionGuid = {CEB61FEB-3E64-4978-B455-47F32EF4E520}
	EndGlobalSection
EndGlobal
